// !$*UTF8*$!
{
	archiveVersion = 1;
	classes = {
	};
	objectVersion = 56;
	objects = {

/* Begin PBXBuildFile section */
		653041212AD0754C0079AD9E /* LogMiddleware.swift in Sources */ = {isa = PBXBuildFile; fileRef = 653041202AD0754C0079AD9E /* LogMiddleware.swift */; };
		653041272AD2F8530079AD9E /* View+Extensions.swift in Sources */ = {isa = PBXBuildFile; fileRef = 653041252AD2F8530079AD9E /* View+Extensions.swift */; };
		6530412B2AD2F8740079AD9E /* RatingView.swift in Sources */ = {isa = PBXBuildFile; fileRef = 6530412A2AD2F8740079AD9E /* RatingView.swift */; };
		6530412D2AD2F8BB0079AD9E /* URLImage.swift in Sources */ = {isa = PBXBuildFile; fileRef = 6530412C2AD2F8BB0079AD9E /* URLImage.swift */; };
		653041302AD2F9790079AD9E /* ImageDownloader.swift in Sources */ = {isa = PBXBuildFile; fileRef = 6530412F2AD2F9790079AD9E /* ImageDownloader.swift */; };
		653041332AD2FA0B0079AD9E /* Constants.swift in Sources */ = {isa = PBXBuildFile; fileRef = 653041322AD2FA0B0079AD9E /* Constants.swift */; };
		653041382AD2FC160079AD9E /* WebService.swift in Sources */ = {isa = PBXBuildFile; fileRef = 653041372AD2FC160079AD9E /* WebService.swift */; };
		6530413E2AD301DC0079AD9E /* String+Extensions.swift in Sources */ = {isa = PBXBuildFile; fileRef = 6530413D2AD301DC0079AD9E /* String+Extensions.swift */; };
		656E80A62AD47BF800AD2187 /* Actions.swift in Sources */ = {isa = PBXBuildFile; fileRef = 656E80A52AD47BF800AD2187 /* Actions.swift */; };
		6588F5CA2ACDEAC800F8604C /* AppReducer.swift in Sources */ = {isa = PBXBuildFile; fileRef = 6588F5C92ACDEAC800F8604C /* AppReducer.swift */; };
		65E552F32ACDBEA5007BAE0D /* RestroomFinderRedux.swift in Sources */ = {isa = PBXBuildFile; fileRef = 65E552F22ACDBEA5007BAE0D /* RestroomFinderRedux.swift */; };
		65E552F52ACDBEA5007BAE0D /* ContentView.swift in Sources */ = {isa = PBXBuildFile; fileRef = 65E552F42ACDBEA5007BAE0D /* ContentView.swift */; };
		65E552F72ACDBEA6007BAE0D /* Assets.xcassets in Resources */ = {isa = PBXBuildFile; fileRef = 65E552F62ACDBEA6007BAE0D /* Assets.xcassets */; };
		65E552FA2ACDBEA6007BAE0D /* Preview Assets.xcassets in Resources */ = {isa = PBXBuildFile; fileRef = 65E552F92ACDBEA6007BAE0D /* Preview Assets.xcassets */; };
		65E553022ACDBEBE007BAE0D /* Store.swift in Sources */ = {isa = PBXBuildFile; fileRef = 65E553012ACDBEBE007BAE0D /* Store.swift */; };
		65FAD8F02AD9B2D800DC846C /* Restroom.swift in Sources */ = {isa = PBXBuildFile; fileRef = 65FAD8EF2AD9B2D800DC846C /* Restroom.swift */; };
		65FAD8F22AD9B5EF00DC846C /* RestroomReducer.swift in Sources */ = {isa = PBXBuildFile; fileRef = 65FAD8F12AD9B5EF00DC846C /* RestroomReducer.swift */; };
		65FAD8F42AD9B73E00DC846C /* RestroomMiddleware.swift in Sources */ = {isa = PBXBuildFile; fileRef = 65FAD8F32AD9B73E00DC846C /* RestroomMiddleware.swift */; };
		65FAD8F62AD9BBFC00DC846C /* LocationManager.swift in Sources */ = {isa = PBXBuildFile; fileRef = 65FAD8F52AD9BBFC00DC846C /* LocationManager.swift */; };
/* End PBXBuildFile section */

/* Begin PBXFileReference section */
		653041202AD0754C0079AD9E /* LogMiddleware.swift */ = {isa = PBXFileReference; lastKnownFileType = sourcecode.swift; path = LogMiddleware.swift; sourceTree = "<group>"; };
		653041252AD2F8530079AD9E /* View+Extensions.swift */ = {isa = PBXFileReference; fileEncoding = 4; lastKnownFileType = sourcecode.swift; path = "View+Extensions.swift"; sourceTree = "<group>"; };
		6530412A2AD2F8740079AD9E /* RatingView.swift */ = {isa = PBXFileReference; fileEncoding = 4; lastKnownFileType = sourcecode.swift; path = RatingView.swift; sourceTree = "<group>"; };
		6530412C2AD2F8BB0079AD9E /* URLImage.swift */ = {isa = PBXFileReference; lastKnownFileType = sourcecode.swift; path = URLImage.swift; sourceTree = "<group>"; };
		6530412F2AD2F9790079AD9E /* ImageDownloader.swift */ = {isa = PBXFileReference; lastKnownFileType = sourcecode.swift; path = ImageDownloader.swift; sourceTree = "<group>"; };
		653041322AD2FA0B0079AD9E /* Constants.swift */ = {isa = PBXFileReference; lastKnownFileType = sourcecode.swift; path = Constants.swift; sourceTree = "<group>"; };
		653041372AD2FC160079AD9E /* WebService.swift */ = {isa = PBXFileReference; lastKnownFileType = sourcecode.swift; path = WebService.swift; sourceTree = "<group>"; };
		6530413D2AD301DC0079AD9E /* String+Extensions.swift */ = {isa = PBXFileReference; lastKnownFileType = sourcecode.swift; path = "String+Extensions.swift"; sourceTree = "<group>"; };
		656E80A52AD47BF800AD2187 /* Actions.swift */ = {isa = PBXFileReference; lastKnownFileType = sourcecode.swift; path = Actions.swift; sourceTree = "<group>"; };
		6588F5C92ACDEAC800F8604C /* AppReducer.swift */ = {isa = PBXFileReference; lastKnownFileType = sourcecode.swift; path = AppReducer.swift; sourceTree = "<group>"; };
		65E552EF2ACDBEA5007BAE0D /* RestroomFinderRedux.app */ = {isa = PBXFileReference; explicitFileType = wrapper.application; includeInIndex = 0; path = RestroomFinderRedux.app; sourceTree = BUILT_PRODUCTS_DIR; };
		65E552F22ACDBEA5007BAE0D /* RestroomFinderRedux.swift */ = {isa = PBXFileReference; lastKnownFileType = sourcecode.swift; path = RestroomFinderRedux.swift; sourceTree = "<group>"; };
		65E552F42ACDBEA5007BAE0D /* ContentView.swift */ = {isa = PBXFileReference; lastKnownFileType = sourcecode.swift; path = ContentView.swift; sourceTree = "<group>"; };
		65E552F62ACDBEA6007BAE0D /* Assets.xcassets */ = {isa = PBXFileReference; lastKnownFileType = folder.assetcatalog; path = Assets.xcassets; sourceTree = "<group>"; };
		65E552F92ACDBEA6007BAE0D /* Preview Assets.xcassets */ = {isa = PBXFileReference; lastKnownFileType = folder.assetcatalog; path = "Preview Assets.xcassets"; sourceTree = "<group>"; };
		65E553012ACDBEBE007BAE0D /* Store.swift */ = {isa = PBXFileReference; lastKnownFileType = sourcecode.swift; path = Store.swift; sourceTree = "<group>"; };
		65FAD8EF2AD9B2D800DC846C /* Restroom.swift */ = {isa = PBXFileReference; lastKnownFileType = sourcecode.swift; path = Restroom.swift; sourceTree = "<group>"; };
		65FAD8F12AD9B5EF00DC846C /* RestroomReducer.swift */ = {isa = PBXFileReference; lastKnownFileType = sourcecode.swift; path = RestroomReducer.swift; sourceTree = "<group>"; };
		65FAD8F32AD9B73E00DC846C /* RestroomMiddleware.swift */ = {isa = PBXFileReference; lastKnownFileType = sourcecode.swift; path = RestroomMiddleware.swift; sourceTree = "<group>"; };
		65FAD8F52AD9BBFC00DC846C /* LocationManager.swift */ = {isa = PBXFileReference; lastKnownFileType = sourcecode.swift; path = LocationManager.swift; sourceTree = "<group>"; };
/* End PBXFileReference section */

/* Begin PBXFrameworksBuildPhase section */
		65E552EC2ACDBEA5007BAE0D /* Frameworks */ = {
			isa = PBXFrameworksBuildPhase;
			buildActionMask = 2147483647;
			files = (
			);
			runOnlyForDeploymentPostprocessing = 0;
		};
/* End PBXFrameworksBuildPhase section */

/* Begin PBXGroup section */
		6530411F2AD0753D0079AD9E /* Middleware */ = {
			isa = PBXGroup;
			children = (
				653041202AD0754C0079AD9E /* LogMiddleware.swift */,
				65FAD8F32AD9B73E00DC846C /* RestroomMiddleware.swift */,
			);
			path = Middleware;
			sourceTree = "<group>";
		};
		653041242AD2F8530079AD9E /* Extensions */ = {
			isa = PBXGroup;
			children = (
				653041252AD2F8530079AD9E /* View+Extensions.swift */,
				6530413D2AD301DC0079AD9E /* String+Extensions.swift */,
			);
			path = Extensions;
			sourceTree = "<group>";
		};
		653041292AD2F8740079AD9E /* Views */ = {
			isa = PBXGroup;
			children = (
				6530412A2AD2F8740079AD9E /* RatingView.swift */,
				6530412C2AD2F8BB0079AD9E /* URLImage.swift */,
			);
			path = Views;
			sourceTree = "<group>";
		};
		6530412E2AD2F96D0079AD9E /* Loaders */ = {
			isa = PBXGroup;
			children = (
				6530412F2AD2F9790079AD9E /* ImageDownloader.swift */,
			);
			path = Loaders;
			sourceTree = "<group>";
		};
		653041312AD2FA010079AD9E /* Utilities */ = {
			isa = PBXGroup;
			children = (
				653041322AD2FA0B0079AD9E /* Constants.swift */,
			);
			path = Utilities;
			sourceTree = "<group>";
		};
		653041362AD2FC0C0079AD9E /* Services */ = {
			isa = PBXGroup;
			children = (
				653041372AD2FC160079AD9E /* WebService.swift */,
			);
			path = Services;
			sourceTree = "<group>";
		};
		6588F5C62ACDEA6900F8604C /* Reducers */ = {
			isa = PBXGroup;
			children = (
				6588F5C92ACDEAC800F8604C /* AppReducer.swift */,
				65FAD8F12AD9B5EF00DC846C /* RestroomReducer.swift */,
			);
			path = Reducers;
			sourceTree = "<group>";
		};
		6588F5CB2ACDEDC400F8604C /* Models */ = {
			isa = PBXGroup;
			children = (
				65FAD8EF2AD9B2D800DC846C /* Restroom.swift */,
			);
			path = Models;
			sourceTree = "<group>";
		};
		65CCDD212AD475A00023C990 /* Actions */ = {
			isa = PBXGroup;
			children = (
				656E80A52AD47BF800AD2187 /* Actions.swift */,
			);
			path = Actions;
			sourceTree = "<group>";
		};
		65E552E62ACDBEA5007BAE0D = {
			isa = PBXGroup;
			children = (
				65E552F12ACDBEA5007BAE0D /* RestroomFinderRedux */,
				65E552F02ACDBEA5007BAE0D /* Products */,
			);
			sourceTree = "<group>";
		};
		65E552F02ACDBEA5007BAE0D /* Products */ = {
			isa = PBXGroup;
			children = (
				65E552EF2ACDBEA5007BAE0D /* RestroomFinderRedux.app */,
			);
			name = Products;
			sourceTree = "<group>";
		};
		65E552F12ACDBEA5007BAE0D /* RestroomFinderRedux */ = {
			isa = PBXGroup;
			children = (
				65E552F22ACDBEA5007BAE0D /* RestroomFinderRedux.swift */,
				65E552F42ACDBEA5007BAE0D /* ContentView.swift */,
				65FAD8F52AD9BBFC00DC846C /* LocationManager.swift */,
				65E553002ACDBEB2007BAE0D /* Store */,
				6588F5CB2ACDEDC400F8604C /* Models */,
				653041362AD2FC0C0079AD9E /* Services */,
				653041312AD2FA010079AD9E /* Utilities */,
				6530412E2AD2F96D0079AD9E /* Loaders */,
				653041292AD2F8740079AD9E /* Views */,
				653041242AD2F8530079AD9E /* Extensions */,
				65E552F62ACDBEA6007BAE0D /* Assets.xcassets */,
				65E552F82ACDBEA6007BAE0D /* Preview Content */,
			);
			path = RestroomFinderRedux;
			sourceTree = "<group>";
		};
		65E552F82ACDBEA6007BAE0D /* Preview Content */ = {
			isa = PBXGroup;
			children = (
				65E552F92ACDBEA6007BAE0D /* Preview Assets.xcassets */,
			);
			path = "Preview Content";
			sourceTree = "<group>";
		};
		65E553002ACDBEB2007BAE0D /* Store */ = {
			isa = PBXGroup;
			children = (
				65CCDD212AD475A00023C990 /* Actions */,
				6588F5C62ACDEA6900F8604C /* Reducers */,
				6530411F2AD0753D0079AD9E /* Middleware */,
				65E553012ACDBEBE007BAE0D /* Store.swift */,
			);
			path = Store;
			sourceTree = "<group>";
		};
/* End PBXGroup section */

/* Begin PBXNativeTarget section */
		65E552EE2ACDBEA5007BAE0D /* RestroomFinderRedux */ = {
			isa = PBXNativeTarget;
			buildConfigurationList = 65E552FD2ACDBEA6007BAE0D /* Build configuration list for PBXNativeTarget "RestroomFinderRedux" */;
			buildPhases = (
				65E552EB2ACDBEA5007BAE0D /* Sources */,
				65E552EC2ACDBEA5007BAE0D /* Frameworks */,
				65E552ED2ACDBEA5007BAE0D /* Resources */,
			);
			buildRules = (
			);
			dependencies = (
			);
			name = RestroomFinderRedux;
			productName = ReduxIntro;
			productReference = 65E552EF2ACDBEA5007BAE0D /* RestroomFinderRedux.app */;
			productType = "com.apple.product-type.application";
		};
/* End PBXNativeTarget section */

/* Begin PBXProject section */
		65E552E72ACDBEA5007BAE0D /* Project object */ = {
			isa = PBXProject;
			attributes = {
				BuildIndependentTargetsInParallel = 1;
				LastSwiftUpdateCheck = 1500;
				LastUpgradeCheck = 1500;
				TargetAttributes = {
					65E552EE2ACDBEA5007BAE0D = {
						CreatedOnToolsVersion = 15.0;
					};
				};
			};
			buildConfigurationList = 65E552EA2ACDBEA5007BAE0D /* Build configuration list for PBXProject "RestroomFinderRedux" */;
			compatibilityVersion = "Xcode 14.0";
			developmentRegion = en;
			hasScannedForEncodings = 0;
			knownRegions = (
				en,
				Base,
			);
			mainGroup = 65E552E62ACDBEA5007BAE0D;
			productRefGroup = 65E552F02ACDBEA5007BAE0D /* Products */;
			projectDirPath = "";
			projectRoot = "";
			targets = (
				65E552EE2ACDBEA5007BAE0D /* RestroomFinderRedux */,
			);
		};
/* End PBXProject section */

/* Begin PBXResourcesBuildPhase section */
		65E552ED2ACDBEA5007BAE0D /* Resources */ = {
			isa = PBXResourcesBuildPhase;
			buildActionMask = 2147483647;
			files = (
				65E552FA2ACDBEA6007BAE0D /* Preview Assets.xcassets in Resources */,
				65E552F72ACDBEA6007BAE0D /* Assets.xcassets in Resources */,
			);
			runOnlyForDeploymentPostprocessing = 0;
		};
/* End PBXResourcesBuildPhase section */

/* Begin PBXSourcesBuildPhase section */
		65E552EB2ACDBEA5007BAE0D /* Sources */ = {
			isa = PBXSourcesBuildPhase;
			buildActionMask = 2147483647;
			files = (
				653041382AD2FC160079AD9E /* WebService.swift in Sources */,
				65FAD8F62AD9BBFC00DC846C /* LocationManager.swift in Sources */,
				656E80A62AD47BF800AD2187 /* Actions.swift in Sources */,
				6530413E2AD301DC0079AD9E /* String+Extensions.swift in Sources */,
				65E553022ACDBEBE007BAE0D /* Store.swift in Sources */,
				653041302AD2F9790079AD9E /* ImageDownloader.swift in Sources */,
				65FAD8F22AD9B5EF00DC846C /* RestroomReducer.swift in Sources */,
				653041272AD2F8530079AD9E /* View+Extensions.swift in Sources */,
				65E552F52ACDBEA5007BAE0D /* ContentView.swift in Sources */,
				653041332AD2FA0B0079AD9E /* Constants.swift in Sources */,
				65E552F32ACDBEA5007BAE0D /* RestroomFinderRedux.swift in Sources */,
				6530412D2AD2F8BB0079AD9E /* URLImage.swift in Sources */,
				65FAD8F02AD9B2D800DC846C /* Restroom.swift in Sources */,
				65FAD8F42AD9B73E00DC846C /* RestroomMiddleware.swift in Sources */,
				6530412B2AD2F8740079AD9E /* RatingView.swift in Sources */,
				6588F5CA2ACDEAC800F8604C /* AppReducer.swift in Sources */,
				653041212AD0754C0079AD9E /* LogMiddleware.swift in Sources */,
			);
			runOnlyForDeploymentPostprocessing = 0;
		};
/* End PBXSourcesBuildPhase section */

/* Begin XCBuildConfiguration section */
		65E552FB2ACDBEA6007BAE0D /* Debug */ = {
			isa = XCBuildConfiguration;
			buildSettings = {
				ALWAYS_SEARCH_USER_PATHS = NO;
				ASSETCATALOG_COMPILER_GENERATE_SWIFT_ASSET_SYMBOL_EXTENSIONS = YES;
				CLANG_ANALYZER_NONNULL = YES;
				CLANG_ANALYZER_NUMBER_OBJECT_CONVERSION = YES_AGGRESSIVE;
				CLANG_CXX_LANGUAGE_STANDARD = "gnu++20";
				CLANG_ENABLE_MODULES = YES;
				CLANG_ENABLE_OBJC_ARC = YES;
				CLANG_ENABLE_OBJC_WEAK = YES;
				CLANG_WARN_BLOCK_CAPTURE_AUTORELEASING = YES;
				CLANG_WARN_BOOL_CONVERSION = YES;
				CLANG_WARN_COMMA = YES;
				CLANG_WARN_CONSTANT_CONVERSION = YES;
				CLANG_WARN_DEPRECATED_OBJC_IMPLEMENTATIONS = YES;
				CLANG_WARN_DIRECT_OBJC_ISA_USAGE = YES_ERROR;
				CLANG_WARN_DOCUMENTATION_COMMENTS = YES;
				CLANG_WARN_EMPTY_BODY = YES;
				CLANG_WARN_ENUM_CONVERSION = YES;
				CLANG_WARN_INFINITE_RECURSION = YES;
				CLANG_WARN_INT_CONVERSION = YES;
				CLANG_WARN_NON_LITERAL_NULL_CONVERSION = YES;
				CLANG_WARN_OBJC_IMPLICIT_RETAIN_SELF = YES;
				CLANG_WARN_OBJC_LITERAL_CONVERSION = YES;
				CLANG_WARN_OBJC_ROOT_CLASS = YES_ERROR;
				CLANG_WARN_QUOTED_INCLUDE_IN_FRAMEWORK_HEADER = YES;
				CLANG_WARN_RANGE_LOOP_ANALYSIS = YES;
				CLANG_WARN_STRICT_PROTOTYPES = YES;
				CLANG_WARN_SUSPICIOUS_MOVE = YES;
				CLANG_WARN_UNGUARDED_AVAILABILITY = YES_AGGRESSIVE;
				CLANG_WARN_UNREACHABLE_CODE = YES;
				CLANG_WARN__DUPLICATE_METHOD_MATCH = YES;
				COPY_PHASE_STRIP = NO;
				DEBUG_INFORMATION_FORMAT = dwarf;
				ENABLE_STRICT_OBJC_MSGSEND = YES;
				ENABLE_TESTABILITY = YES;
				ENABLE_USER_SCRIPT_SANDBOXING = YES;
				GCC_C_LANGUAGE_STANDARD = gnu17;
				GCC_DYNAMIC_NO_PIC = NO;
				GCC_NO_COMMON_BLOCKS = YES;
				GCC_OPTIMIZATION_LEVEL = 0;
				GCC_PREPROCESSOR_DEFINITIONS = (
					"DEBUG=1",
					"$(inherited)",
				);
				GCC_WARN_64_TO_32_BIT_CONVERSION = YES;
				GCC_WARN_ABOUT_RETURN_TYPE = YES_ERROR;
				GCC_WARN_UNDECLARED_SELECTOR = YES;
				GCC_WARN_UNINITIALIZED_AUTOS = YES_AGGRESSIVE;
				GCC_WARN_UNUSED_FUNCTION = YES;
				GCC_WARN_UNUSED_VARIABLE = YES;
				IPHONEOS_DEPLOYMENT_TARGET = 17.0;
				LOCALIZATION_PREFERS_STRING_CATALOGS = YES;
				MTL_ENABLE_DEBUG_INFO = INCLUDE_SOURCE;
				MTL_FAST_MATH = YES;
				ONLY_ACTIVE_ARCH = YES;
				SDKROOT = iphoneos;
				SWIFT_ACTIVE_COMPILATION_CONDITIONS = "DEBUG $(inherited)";
				SWIFT_OPTIMIZATION_LEVEL = "-Onone";
			};
			name = Debug;
		};
		65E552FC2ACDBEA6007BAE0D /* Release */ = {
			isa = XCBuildConfiguration;
			buildSettings = {
				ALWAYS_SEARCH_USER_PATHS = NO;
				ASSETCATALOG_COMPILER_GENERATE_SWIFT_ASSET_SYMBOL_EXTENSIONS = YES;
				CLANG_ANALYZER_NONNULL = YES;
				CLANG_ANALYZER_NUMBER_OBJECT_CONVERSION = YES_AGGRESSIVE;
				CLANG_CXX_LANGUAGE_STANDARD = "gnu++20";
				CLANG_ENABLE_MODULES = YES;
				CLANG_ENABLE_OBJC_ARC = YES;
				CLANG_ENABLE_OBJC_WEAK = YES;
				CLANG_WARN_BLOCK_CAPTURE_AUTORELEASING = YES;
				CLANG_WARN_BOOL_CONVERSION = YES;
				CLANG_WARN_COMMA = YES;
				CLANG_WARN_CONSTANT_CONVERSION = YES;
				CLANG_WARN_DEPRECATED_OBJC_IMPLEMENTATIONS = YES;
				CLANG_WARN_DIRECT_OBJC_ISA_USAGE = YES_ERROR;
				CLANG_WARN_DOCUMENTATION_COMMENTS = YES;
				CLANG_WARN_EMPTY_BODY = YES;
				CLANG_WARN_ENUM_CONVERSION = YES;
				CLANG_WARN_INFINITE_RECURSION = YES;
				CLANG_WARN_INT_CONVERSION = YES;
				CLANG_WARN_NON_LITERAL_NULL_CONVERSION = YES;
				CLANG_WARN_OBJC_IMPLICIT_RETAIN_SELF = YES;
				CLANG_WARN_OBJC_LITERAL_CONVERSION = YES;
				CLANG_WARN_OBJC_ROOT_CLASS = YES_ERROR;
				CLANG_WARN_QUOTED_INCLUDE_IN_FRAMEWORK_HEADER = YES;
				CLANG_WARN_RANGE_LOOP_ANALYSIS = YES;
				CLANG_WARN_STRICT_PROTOTYPES = YES;
				CLANG_WARN_SUSPICIOUS_MOVE = YES;
				CLANG_WARN_UNGUARDED_AVAILABILITY = YES_AGGRESSIVE;
				CLANG_WARN_UNREACHABLE_CODE = YES;
				CLANG_WARN__DUPLICATE_METHOD_MATCH = YES;
				COPY_PHASE_STRIP = NO;
				DEBUG_INFORMATION_FORMAT = "dwarf-with-dsym";
				ENABLE_NS_ASSERTIONS = NO;
				ENABLE_STRICT_OBJC_MSGSEND = YES;
				ENABLE_USER_SCRIPT_SANDBOXING = YES;
				GCC_C_LANGUAGE_STANDARD = gnu17;
				GCC_NO_COMMON_BLOCKS = YES;
				GCC_WARN_64_TO_32_BIT_CONVERSION = YES;
				GCC_WARN_ABOUT_RETURN_TYPE = YES_ERROR;
				GCC_WARN_UNDECLARED_SELECTOR = YES;
				GCC_WARN_UNINITIALIZED_AUTOS = YES_AGGRESSIVE;
				GCC_WARN_UNUSED_FUNCTION = YES;
				GCC_WARN_UNUSED_VARIABLE = YES;
				IPHONEOS_DEPLOYMENT_TARGET = 17.0;
				LOCALIZATION_PREFERS_STRING_CATALOGS = YES;
				MTL_ENABLE_DEBUG_INFO = NO;
				MTL_FAST_MATH = YES;
				SDKROOT = iphoneos;
				SWIFT_COMPILATION_MODE = wholemodule;
				VALIDATE_PRODUCT = YES;
			};
			name = Release;
		};
		65E552FE2ACDBEA6007BAE0D /* Debug */ = {
			isa = XCBuildConfiguration;
			buildSettings = {
				ASSETCATALOG_COMPILER_APPICON_NAME = AppIcon;
				ASSETCATALOG_COMPILER_GLOBAL_ACCENT_COLOR_NAME = AccentColor;
				CODE_SIGN_STYLE = Automatic;
				CURRENT_PROJECT_VERSION = 1;
				DEVELOPMENT_ASSET_PATHS = "\"RestroomFinderRedux/Preview Content\"";
				DEVELOPMENT_TEAM = 9N39247EUQ;
				ENABLE_PREVIEWS = YES;
				GENERATE_INFOPLIST_FILE = YES;
				INFOPLIST_FILE = RestroomFinderRedux/Info.plist;
				INFOPLIST_KEY_NSLocationAlwaysAndWhenInUseUsageDescription = "Restroom Finder requires access to your location.";
				INFOPLIST_KEY_NSLocationWhenInUseUsageDescription = "Restroom Finder requires access to your location.";
				INFOPLIST_KEY_UIApplicationSceneManifest_Generation = YES;
				INFOPLIST_KEY_UIApplicationSupportsIndirectInputEvents = YES;
				INFOPLIST_KEY_UILaunchScreen_Generation = YES;
				INFOPLIST_KEY_UIStatusBarStyle = UIStatusBarStyleLightContent;
				INFOPLIST_KEY_UISupportedInterfaceOrientations_iPad = "UIInterfaceOrientationPortrait UIInterfaceOrientationPortraitUpsideDown UIInterfaceOrientationLandscapeLeft UIInterfaceOrientationLandscapeRight";
				INFOPLIST_KEY_UISupportedInterfaceOrientations_iPhone = "UIInterfaceOrientationPortrait UIInterfaceOrientationLandscapeLeft UIInterfaceOrientationLandscapeRight";
				LD_RUNPATH_SEARCH_PATHS = (
					"$(inherited)",
					"@executable_path/Frameworks",
				);
				MARKETING_VERSION = 1.0;
				PRODUCT_BUNDLE_IDENTIFIER = co.uk.ottid.RestroomFinderRedux;
				PRODUCT_NAME = "$(TARGET_NAME)";
				SWIFT_EMIT_LOC_STRINGS = YES;
				SWIFT_VERSION = 5.0;
				TARGETED_DEVICE_FAMILY = "1,2";
			};
			name = Debug;
		};
		65E552FF2ACDBEA6007BAE0D /* Release */ = {
			isa = XCBuildConfiguration;
			buildSettings = {
				ASSETCATALOG_COMPILER_APPICON_NAME = AppIcon;
				ASSETCATALOG_COMPILER_GLOBAL_ACCENT_COLOR_NAME = AccentColor;
				CODE_SIGN_STYLE = Automatic;
				CURRENT_PROJECT_VERSION = 1;
				DEVELOPMENT_ASSET_PATHS = "\"RestroomFinderRedux/Preview Content\"";
				DEVELOPMENT_TEAM = 9N39247EUQ;
				ENABLE_PREVIEWS = YES;
				GENERATE_INFOPLIST_FILE = YES;
				INFOPLIST_FILE = RestroomFinderRedux/Info.plist;
				INFOPLIST_KEY_NSLocationAlwaysAndWhenInUseUsageDescription = "Restroom Finder requires access to your location.";
				INFOPLIST_KEY_NSLocationWhenInUseUsageDescription = "Restroom Finder requires access to your location.";
				INFOPLIST_KEY_UIApplicationSceneManifest_Generation = YES;
				INFOPLIST_KEY_UIApplicationSupportsIndirectInputEvents = YES;
				INFOPLIST_KEY_UILaunchScreen_Generation = YES;
				INFOPLIST_KEY_UIStatusBarStyle = UIStatusBarStyleLightContent;
				INFOPLIST_KEY_UISupportedInterfaceOrientations_iPad = "UIInterfaceOrientationPortrait UIInterfaceOrientationPortraitUpsideDown UIInterfaceOrientationLandscapeLeft UIInterfaceOrientationLandscapeRight";
				INFOPLIST_KEY_UISupportedInterfaceOrientations_iPhone = "UIInterfaceOrientationPortrait UIInterfaceOrientationLandscapeLeft UIInterfaceOrientationLandscapeRight";
				LD_RUNPATH_SEARCH_PATHS = (
					"$(inherited)",
					"@executable_path/Frameworks",
				);
				MARKETING_VERSION = 1.0;
				PRODUCT_BUNDLE_IDENTIFIER = co.uk.ottid.RestroomFinderRedux;
				PRODUCT_NAME = "$(TARGET_NAME)";
				SWIFT_EMIT_LOC_STRINGS = YES;
				SWIFT_VERSION = 5.0;
				TARGETED_DEVICE_FAMILY = "1,2";
			};
			name = Release;
		};
/* End XCBuildConfiguration section */

/* Begin XCConfigurationList section */
		65E552EA2ACDBEA5007BAE0D /* Build configuration list for PBXProject "RestroomFinderRedux" */ = {
			isa = XCConfigurationList;
			buildConfigurations = (
				65E552FB2ACDBEA6007BAE0D /* Debug */,
				65E552FC2ACDBEA6007BAE0D /* Release */,
			);
			defaultConfigurationIsVisible = 0;
			defaultConfigurationName = Release;
		};
		65E552FD2ACDBEA6007BAE0D /* Build configuration list for PBXNativeTarget "RestroomFinderRedux" */ = {
			isa = XCConfigurationList;
			buildConfigurations = (
				65E552FE2ACDBEA6007BAE0D /* Debug */,
				65E552FF2ACDBEA6007BAE0D /* Release */,
			);
			defaultConfigurationIsVisible = 0;
			defaultConfigurationName = Release;
		};
/* End XCConfigurationList section */
	};
	rootObject = 65E552E72ACDBEA5007BAE0D /* Project object */;
}
